
Microsoft Visual Studio Solution File, Format Version 12.00
# Visual Studio 2013
VisualStudioVersion = 12.0.31101.0
MinimumVisualStudioVersion = 10.0.40219.1
Project("{8BC9CEB8-8B4A-11D0-8D11-00A0C91BC942}") = "AddressBook_GUI", "AddressBook_GUI\AddressBook_GUI.vcxproj", "{0940E788-0D54-434E-8F7B-6DE67255785A}"
EndProject
Global
	GlobalSection(SolutionConfigurationPlatforms) = preSolution
		Debug|Win32 = Debug|Win32
		Release|Win32 = Release|Win32
	EndGlobalSection
	GlobalSection(ProjectConfigurationPlatforms) = postSolution
		{0940E788-0D54-434E-8F7B-6DE67255785A}.Debug|Win32.ActiveCfg = Debug|Win32
		{0940E788-0D54-434E-8F7B-6DE67255785A}.Debug|Win32.Build.0 = Debug|Win32
		{0940E788-0D54-434E-8F7B-6DE67255785A}.Release|Win32.ActiveCfg = Release|Win32
		{0940E788-0D54-434E-8F7B-6DE67255785A}.Release|Win32.Build.0 = Release|Win32
	EndGlobalSection
	GlobalSection(SolutionProperties) = preSolution
		HideSolutionNode = FALSE
	EndGlobalSection
EndGlobal
